// !$*UTF8*$!
{
	archiveVersion = 1;
	classes = {
	};
	objectVersion = 56;
	objects = {

/* Begin PBXBuildFile section */
		4A07AA0F29B703640029C476 /* AppDelegate.swift in Sources */ = {isa = PBXBuildFile; fileRef = 4A07AA0E29B703640029C476 /* AppDelegate.swift */; };
		4A07AA1129B703640029C476 /* SceneDelegate.swift in Sources */ = {isa = PBXBuildFile; fileRef = 4A07AA1029B703640029C476 /* SceneDelegate.swift */; };
		4A07AA1329B703640029C476 /* RedViewController.swift in Sources */ = {isa = PBXBuildFile; fileRef = 4A07AA1229B703640029C476 /* RedViewController.swift */; };
		4A07AA1629B703640029C476 /* Main.storyboard in Resources */ = {isa = PBXBuildFile; fileRef = 4A07AA1429B703640029C476 /* Main.storyboard */; };
		4A07AA1829B703650029C476 /* Assets.xcassets in Resources */ = {isa = PBXBuildFile; fileRef = 4A07AA1729B703650029C476 /* Assets.xcassets */; };
		4A07AA1B29B703650029C476 /* LaunchScreen.storyboard in Resources */ = {isa = PBXBuildFile; fileRef = 4A07AA1929B703650029C476 /* LaunchScreen.storyboard */; };
		4ACE07B429B7121000E9385A /* OrangeViewController.swift in Sources */ = {isa = PBXBuildFile; fileRef = 4ACE07B329B7121000E9385A /* OrangeViewController.swift */; };
		4ACE07B629B7128500E9385A /* YellowViewController.swift in Sources */ = {isa = PBXBuildFile; fileRef = 4ACE07B529B7128500E9385A /* YellowViewController.swift */; };
		4ACE07B829B712D300E9385A /* GreenViewController.swift in Sources */ = {isa = PBXBuildFile; fileRef = 4ACE07B729B712D300E9385A /* GreenViewController.swift */; };
		4ACE07BA29B7130800E9385A /* BlueViewController.swift in Sources */ = {isa = PBXBuildFile; fileRef = 4ACE07B929B7130800E9385A /* BlueViewController.swift */; };
		4ACE07BC29B7132E00E9385A /* PurpleViewController.swift in Sources */ = {isa = PBXBuildFile; fileRef = 4ACE07BB29B7132E00E9385A /* PurpleViewController.swift */; };
/* End PBXBuildFile section */

/* Begin PBXFileReference section */
		4A07AA0B29B703640029C476 /* RainbowTabs.app */ = {isa = PBXFileReference; explicitFileType = wrapper.application; includeInIndex = 0; path = RainbowTabs.app; sourceTree = BUILT_PRODUCTS_DIR; };
		4A07AA0E29B703640029C476 /* AppDelegate.swift */ = {isa = PBXFileReference; lastKnownFileType = sourcecode.swift; path = AppDelegate.swift; sourceTree = "<group>"; };
		4A07AA1029B703640029C476 /* SceneDelegate.swift */ = {isa = PBXFileReference; lastKnownFileType = sourcecode.swift; path = SceneDelegate.swift; sourceTree = "<group>"; };
		4A07AA1229B703640029C476 /* RedViewController.swift */ = {isa = PBXFileReference; lastKnownFileType = sourcecode.swift; path = RedViewController.swift; sourceTree = "<group>"; };
		4A07AA1529B703640029C476 /* Base */ = {isa = PBXFileReference; lastKnownFileType = file.storyboard; name = Base; path = Base.lproj/Main.storyboard; sourceTree = "<group>"; };
		4A07AA1729B703650029C476 /* Assets.xcassets */ = {isa = PBXFileReference; lastKnownFileType = folder.assetcatalog; path = Assets.xcassets; sourceTree = "<group>"; };
		4A07AA1A29B703650029C476 /* Base */ = {isa = PBXFileReference; lastKnownFileType = file.storyboard; name = Base; path = Base.lproj/LaunchScreen.storyboard; sourceTree = "<group>"; };
		4A07AA1C29B703650029C476 /* Info.plist */ = {isa = PBXFileReference; lastKnownFileType = text.plist.xml; path = Info.plist; sourceTree = "<group>"; };
		4ACE07B329B7121000E9385A /* OrangeViewController.swift */ = {isa = PBXFileReference; lastKnownFileType = sourcecode.swift; path = OrangeViewController.swift; sourceTree = "<group>"; };
		4ACE07B529B7128500E9385A /* YellowViewController.swift */ = {isa = PBXFileReference; lastKnownFileType = sourcecode.swift; path = YellowViewController.swift; sourceTree = "<group>"; };
		4ACE07B729B712D300E9385A /* GreenViewController.swift */ = {isa = PBXFileReference; lastKnownFileType = sourcecode.swift; path = GreenViewController.swift; sourceTree = "<group>"; };
		4ACE07B929B7130800E9385A /* BlueViewController.swift */ = {isa = PBXFileReference; lastKnownFileType = sourcecode.swift; path = BlueViewController.swift; sourceTree = "<group>"; };
		4ACE07BB29B7132E00E9385A /* PurpleViewController.swift */ = {isa = PBXFileReference; lastKnownFileType = sourcecode.swift; path = PurpleViewController.swift; sourceTree = "<group>"; };
/* End PBXFileReference section */

/* Begin PBXFrameworksBuildPhase section */
		4A07AA0829B703640029C476 /* Frameworks */ = {
			isa = PBXFrameworksBuildPhase;
			buildActionMask = 2147483647;
			files = (
			);
			runOnlyForDeploymentPostprocessing = 0;
		};
/* End PBXFrameworksBuildPhase section */

/* Begin PBXGroup section */
		4A07AA0229B703640029C476 = {
			isa = PBXGroup;
			children = (
				4A07AA0D29B703640029C476 /* RainbowTabs */,
				4A07AA0C29B703640029C476 /* Products */,
			);
			sourceTree = "<group>";
		};
		4A07AA0C29B703640029C476 /* Products */ = {
			isa = PBXGroup;
			children = (
				4A07AA0B29B703640029C476 /* RainbowTabs.app */,
			);
			name = Products;
			sourceTree = "<group>";
		};
		4A07AA0D29B703640029C476 /* RainbowTabs */ = {
			isa = PBXGroup;
			children = (
				4A07AA0E29B703640029C476 /* AppDelegate.swift */,
				4A07AA1029B703640029C476 /* SceneDelegate.swift */,
				4A07AA1229B703640029C476 /* RedViewController.swift */,
				4A07AA1429B703640029C476 /* Main.storyboard */,
				4ACE07BB29B7132E00E9385A /* PurpleViewController.swift */,
				4ACE07B929B7130800E9385A /* BlueViewController.swift */,
				4ACE07B729B712D300E9385A /* GreenViewController.swift */,
				4ACE07B529B7128500E9385A /* YellowViewController.swift */,
				4ACE07B329B7121000E9385A /* OrangeViewController.swift */,
				4A07AA1729B703650029C476 /* Assets.xcassets */,
				4A07AA1929B703650029C476 /* LaunchScreen.storyboard */,
				4A07AA1C29B703650029C476 /* Info.plist */,
			);
			path = RainbowTabs;
			sourceTree = "<group>";
		};
/* End PBXGroup section */

/* Begin PBXNativeTarget section */
		4A07AA0A29B703640029C476 /* RainbowTabs */ = {
			isa = PBXNativeTarget;
			buildConfigurationList = 4A07AA1F29B703650029C476 /* Build configuration list for PBXNativeTarget "RainbowTabs" */;
			buildPhases = (
				4A07AA0729B703640029C476 /* Sources */,
				4A07AA0829B703640029C476 /* Frameworks */,
				4A07AA0929B703640029C476 /* Resources */,
			);
			buildRules = (
			);
			dependencies = (
			);
			name = RainbowTabs;
			productName = RainbowTabs;
			productReference = 4A07AA0B29B703640029C476 /* RainbowTabs.app */;
			productType = "com.apple.product-type.application";
		};
/* End PBXNativeTarget section */

/* Begin PBXProject section */
		4A07AA0329B703640029C476 /* Project object */ = {
			isa = PBXProject;
			attributes = {
				BuildIndependentTargetsInParallel = 1;
				LastSwiftUpdateCheck = 1420;
				LastUpgradeCheck = 1420;
				TargetAttributes = {
					4A07AA0A29B703640029C476 = {
						CreatedOnToolsVersion = 14.2;
					};
				};
			};
			buildConfigurationList = 4A07AA0629B703640029C476 /* Build configuration list for PBXProject "RainbowTabs" */;
			compatibilityVersion = "Xcode 14.0";
			developmentRegion = en;
			hasScannedForEncodings = 0;
			knownRegions = (
				en,
				Base,
			);
			mainGroup = 4A07AA0229B703640029C476;
			productRefGroup = 4A07AA0C29B703640029C476 /* Products */;
			projectDirPath = "";
			projectRoot = "";
			targets = (
				4A07AA0A29B703640029C476 /* RainbowTabs */,
			);
		};
/* End PBXProject section */

/* Begin PBXResourcesBuildPhase section */
		4A07AA0929B703640029C476 /* Resources */ = {
			isa = PBXResourcesBuildPhase;
			buildActionMask = 2147483647;
			files = (
				4A07AA1B29B703650029C476 /* LaunchScreen.storyboard in Resources */,
				4A07AA1829B703650029C476 /* Assets.xcassets in Resources */,
				4A07AA1629B703640029C476 /* Main.storyboard in Resources */,
			);
			runOnlyForDeploymentPostprocessing = 0;
		};
/* End PBXResourcesBuildPhase section */

/* Begin PBXSourcesBuildPhase section */
		4A07AA0729B703640029C476 /* Sources */ = {
			isa = PBXSourcesBuildPhase;
			buildActionMask = 2147483647;
			files = (
				4ACE07B829B712D300E9385A /* GreenViewController.swift in Sources */,
				4ACE07B429B7121000E9385A /* OrangeViewController.swift in Sources */,
				4A07AA1329B703640029C476 /* RedViewController.swift in Sources */,
				4A07AA0F29B703640029C476 /* AppDelegate.swift in Sources */,
				4ACE07BC29B7132E00E9385A /* PurpleViewController.swift in Sources */,
				4A07AA1129B703640029C476 /* SceneDelegate.swift in Sources */,
				4ACE07B629B7128500E9385A /* YellowViewController.swift in Sources */,
				4ACE07BA29B7130800E9385A /* BlueViewController.swift in Sources */,
			);
			runOnlyForDeploymentPostprocessing = 0;
		};
/* End PBXSourcesBuildPhase section */

/* Begin PBXVariantGroup section */
		4A07AA1429B703640029C476 /* Main.storyboard */ = {
			isa = PBXVariantGroup;
			children = (
				4A07AA1529B703640029C476 /* Base */,
			);
			name = Main.storyboard;
			sourceTree = "<group>";
		};
		4A07AA1929B703650029C476 /* LaunchScreen.storyboard */ = {
			isa = PBXVariantGroup;
			children = (
				4A07AA1A29B703650029C476 /* Base */,
			);
			name = LaunchScreen.storyboard;
			sourceTree = "<group>";
		};
/* End PBXVariantGroup section */

/* Begin XCBuildConfiguration section */
		4A07AA1D29B703650029C476 /* Debug */ = {
			isa = XCBuildConfiguration;
			buildSettings = {
				ALWAYS_SEARCH_USER_PATHS = NO;
				CLANG_ANALYZER_NONNULL = YES;
				CLANG_ANALYZER_NUMBER_OBJECT_CONVERSION = YES_AGGRESSIVE;
				CLANG_CXX_LANGUAGE_STANDARD = "gnu++20";
				CLANG_ENABLE_MODULES = YES;
				CLANG_ENABLE_OBJC_ARC = YES;
				CLANG_ENABLE_OBJC_WEAK = YES;
				CLANG_WARN_BLOCK_CAPTURE_AUTORELEASING = YES;
				CLANG_WARN_BOOL_CONVERSION = YES;
				CLANG_WARN_COMMA = YES;
				CLANG_WARN_CONSTANT_CONVERSION = YES;
				CLANG_WARN_DEPRECATED_OBJC_IMPLEMENTATIONS = YES;
				CLANG_WARN_DIRECT_OBJC_ISA_USAGE = YES_ERROR;
				CLANG_WARN_DOCUMENTATION_COMMENTS = YES;
				CLANG_WARN_EMPTY_BODY = YES;
				CLANG_WARN_ENUM_CONVERSION = YES;
				CLANG_WARN_INFINITE_RECURSION = YES;
				CLANG_WARN_INT_CONVERSION = YES;
				CLANG_WARN_NON_LITERAL_NULL_CONVERSION = YES;
				CLANG_WARN_OBJC_IMPLICIT_RETAIN_SELF = YES;
				CLANG_WARN_OBJC_LITERAL_CONVERSION = YES;
				CLANG_WARN_OBJC_ROOT_CLASS = YES_ERROR;
				CLANG_WARN_QUOTED_INCLUDE_IN_FRAMEWORK_HEADER = YES;
				CLANG_WARN_RANGE_LOOP_ANALYSIS = YES;
				CLANG_WARN_STRICT_PROTOTYPES = YES;
				CLANG_WARN_SUSPICIOUS_MOVE = YES;
				CLANG_WARN_UNGUARDED_AVAILABILITY = YES_AGGRESSIVE;
				CLANG_WARN_UNREACHABLE_CODE = YES;
				CLANG_WARN__DUPLICATE_METHOD_MATCH = YES;
				COPY_PHASE_STRIP = NO;
				DEBUG_INFORMATION_FORMAT = dwarf;
				ENABLE_STRICT_OBJC_MSGSEND = YES;
				ENABLE_TESTABILITY = YES;
				GCC_C_LANGUAGE_STANDARD = gnu11;
				GCC_DYNAMIC_NO_PIC = NO;
				GCC_NO_COMMON_BLOCKS = YES;
				GCC_OPTIMIZATION_LEVEL = 0;
				GCC_PREPROCESSOR_DEFINITIONS = (
					"DEBUG=1",
					"$(inherited)",
				);
				GCC_WARN_64_TO_32_BIT_CONVERSION = YES;
				GCC_WARN_ABOUT_RETURN_TYPE = YES_ERROR;
				GCC_WARN_UNDECLARED_SELECTOR = YES;
				GCC_WARN_UNINITIALIZED_AUTOS = YES_AGGRESSIVE;
				GCC_WARN_UNUSED_FUNCTION = YES;
				GCC_WARN_UNUSED_VARIABLE = YES;
				IPHONEOS_DEPLOYMENT_TARGET = 16.2;
				MTL_ENABLE_DEBUG_INFO = INCLUDE_SOURCE;
				MTL_FAST_MATH = YES;
				ONLY_ACTIVE_ARCH = YES;
				SDKROOT = iphoneos;
				SWIFT_ACTIVE_COMPILATION_CONDITIONS = DEBUG;
				SWIFT_OPTIMIZATION_LEVEL = "-Onone";
			};
			name = Debug;
		};
		4A07AA1E29B703650029C476 /* Release */ = {
			isa = XCBuildConfiguration;
			buildSettings = {
				ALWAYS_SEARCH_USER_PATHS = NO;
				CLANG_ANALYZER_NONNULL = YES;
				CLANG_ANALYZER_NUMBER_OBJECT_CONVERSION = YES_AGGRESSIVE;
				CLANG_CXX_LANGUAGE_STANDARD = "gnu++20";
				CLANG_ENABLE_MODULES = YES;
				CLANG_ENABLE_OBJC_ARC = YES;
				CLANG_ENABLE_OBJC_WEAK = YES;
				CLANG_WARN_BLOCK_CAPTURE_AUTORELEASING = YES;
				CLANG_WARN_BOOL_CONVERSION = YES;
				CLANG_WARN_COMMA = YES;
				CLANG_WARN_CONSTANT_CONVERSION = YES;
				CLANG_WARN_DEPRECATED_OBJC_IMPLEMENTATIONS = YES;
				CLANG_WARN_DIRECT_OBJC_ISA_USAGE = YES_ERROR;
				CLANG_WARN_DOCUMENTATION_COMMENTS = YES;
				CLANG_WARN_EMPTY_BODY = YES;
				CLANG_WARN_ENUM_CONVERSION = YES;
				CLANG_WARN_INFINITE_RECURSION = YES;
				CLANG_WARN_INT_CONVERSION = YES;
				CLANG_WARN_NON_LITERAL_NULL_CONVERSION = YES;
				CLANG_WARN_OBJC_IMPLICIT_RETAIN_SELF = YES;
				CLANG_WARN_OBJC_LITERAL_CONVERSION = YES;
				CLANG_WARN_OBJC_ROOT_CLASS = YES_ERROR;
				CLANG_WARN_QUOTED_INCLUDE_IN_FRAMEWORK_HEADER = YES;
				CLANG_WARN_RANGE_LOOP_ANALYSIS = YES;
				CLANG_WARN_STRICT_PROTOTYPES = YES;
				CLANG_WARN_SUSPICIOUS_MOVE = YES;
				CLANG_WARN_UNGUARDED_AVAILABILITY = YES_AGGRESSIVE;
				CLANG_WARN_UNREACHABLE_CODE = YES;
				CLANG_WARN__DUPLICATE_METHOD_MATCH = YES;
				COPY_PHASE_STRIP = NO;
				DEBUG_INFORMATION_FORMAT = "dwarf-with-dsym";
				ENABLE_NS_ASSERTIONS = NO;
				ENABLE_STRICT_OBJC_MSGSEND = YES;
				GCC_C_LANGUAGE_STANDARD = gnu11;
				GCC_NO_COMMON_BLOCKS = YES;
				GCC_WARN_64_TO_32_BIT_CONVERSION = YES;
				GCC_WARN_ABOUT_RETURN_TYPE = YES_ERROR;
				GCC_WARN_UNDECLARED_SELECTOR = YES;
				GCC_WARN_UNINITIALIZED_AUTOS = YES_AGGRESSIVE;
				GCC_WARN_UNUSED_FUNCTION = YES;
				GCC_WARN_UNUSED_VARIABLE = YES;
				IPHONEOS_DEPLOYMENT_TARGET = 16.2;
				MTL_ENABLE_DEBUG_INFO = NO;
				MTL_FAST_MATH = YES;
				SDKROOT = iphoneos;
				SWIFT_COMPILATION_MODE = wholemodule;
				SWIFT_OPTIMIZATION_LEVEL = "-O";
				VALIDATE_PRODUCT = YES;
			};
			name = Release;
		};
		4A07AA2029B703650029C476 /* Debug */ = {
			isa = XCBuildConfiguration;
			buildSettings = {
				ASSETCATALOG_COMPILER_APPICON_NAME = AppIcon;
				ASSETCATALOG_COMPILER_GLOBAL_ACCENT_COLOR_NAME = AccentColor;
				CODE_SIGN_STYLE = Automatic;
				CURRENT_PROJECT_VERSION = 1;
				GENERATE_INFOPLIST_FILE = YES;
				INFOPLIST_FILE = RainbowTabs/Info.plist;
				INFOPLIST_KEY_UIApplicationSupportsIndirectInputEvents = YES;
				INFOPLIST_KEY_UILaunchStoryboardName = LaunchScreen;
				INFOPLIST_KEY_UIMainStoryboardFile = Main;
				INFOPLIST_KEY_UISupportedInterfaceOrientations_iPad = "UIInterfaceOrientationPortrait UIInterfaceOrientationPortraitUpsideDown UIInterfaceOrientationLandscapeLeft UIInterfaceOrientationLandscapeRight";
				INFOPLIST_KEY_UISupportedInterfaceOrientations_iPhone = "UIInterfaceOrientationPortrait UIInterfaceOrientationLandscapeLeft UIInterfaceOrientationLandscapeRight";
				LD_RUNPATH_SEARCH_PATHS = (
					"$(inherited)",
					"@executable_path/Frameworks",
				);
				MARKETING_VERSION = 1.0;
				PRODUCT_BUNDLE_IDENTIFIER = com.gmail.tsbs11152p.RainbowTabs;
				PRODUCT_NAME = "$(TARGET_NAME)";
				SWIFT_EMIT_LOC_STRINGS = YES;
				SWIFT_VERSION = 5.0;
				TARGETED_DEVICE_FAMILY = "1,2";
			};
			name = Debug;
		};
		4A07AA2129B703650029C476 /* Release */ = {
			isa = XCBuildConfiguration;
			buildSettings = {
				ASSETCATALOG_COMPILER_APPICON_NAME = AppIcon;
				ASSETCATALOG_COMPILER_GLOBAL_ACCENT_COLOR_NAME = AccentColor;
				CODE_SIGN_STYLE = Automatic;
				CURRENT_PROJECT_VERSION = 1;
				GENERATE_INFOPLIST_FILE = YES;
				INFOPLIST_FILE = RainbowTabs/Info.plist;
				INFOPLIST_KEY_UIApplicationSupportsIndirectInputEvents = YES;
				INFOPLIST_KEY_UILaunchStoryboardName = LaunchScreen;
				INFOPLIST_KEY_UIMainStoryboardFile = Main;
				INFOPLIST_KEY_UISupportedInterfaceOrientations_iPad = "UIInterfaceOrientationPortrait UIInterfaceOrientationPortraitUpsideDown UIInterfaceOrientationLandscapeLeft UIInterfaceOrientationLandscapeRight";
				INFOPLIST_KEY_UISupportedInterfaceOrientations_iPhone = "UIInterfaceOrientationPortrait UIInterfaceOrientationLandscapeLeft UIInterfaceOrientationLandscapeRight";
				LD_RUNPATH_SEARCH_PATHS = (
					"$(inherited)",
					"@executable_path/Frameworks",
				);
				MARKETING_VERSION = 1.0;
				PRODUCT_BUNDLE_IDENTIFIER = com.gmail.tsbs11152p.RainbowTabs;
				PRODUCT_NAME = "$(TARGET_NAME)";
				SWIFT_EMIT_LOC_STRINGS = YES;
				SWIFT_VERSION = 5.0;
				TARGETED_DEVICE_FAMILY = "1,2";
			};
			name = Release;
		};
/* End XCBuildConfiguration section */

/* Begin XCConfigurationList section */
		4A07AA0629B703640029C476 /* Build configuration list for PBXProject "RainbowTabs" */ = {
			isa = XCConfigurationList;
			buildConfigurations = (
				4A07AA1D29B703650029C476 /* Debug */,
				4A07AA1E29B703650029C476 /* Release */,
			);
			defaultConfigurationIsVisible = 0;
			defaultConfigurationName = Release;
		};
		4A07AA1F29B703650029C476 /* Build configuration list for PBXNativeTarget "RainbowTabs" */ = {
			isa = XCConfigurationList;
			buildConfigurations = (
				4A07AA2029B703650029C476 /* Debug */,
				4A07AA2129B703650029C476 /* Release */,
			);
			defaultConfigurationIsVisible = 0;
			defaultConfigurationName = Release;
		};
/* End XCConfigurationList section */
	};
	rootObject = 4A07AA0329B703640029C476 /* Project object */;
}
